// !$*UTF8*$!
{
	archiveVersion = 1;
	classes = {
	};
	objectVersion = 52;
	objects = {

/* Begin PBXBuildFile section */
		2C1385C711FD30429D126C0B /* Pods_alcon_alconUITests.framework in Frameworks */ = {isa = PBXBuildFile; fileRef = CD3DD7DFC462D68B76D47B54 /* Pods_alcon_alconUITests.framework */; };
		2EDB480EC9EED850A08CE3C8 /* Pods_alconTests.framework in Frameworks */ = {isa = PBXBuildFile; fileRef = 14CDDD0637866C3D665D0BB0 /* Pods_alconTests.framework */; };
		440E156F26163665008ECB22 /* DrinkTableViewCell.swift in Sources */ = {isa = PBXBuildFile; fileRef = 440E156E26163665008ECB22 /* DrinkTableViewCell.swift */; };
		441F3842260BA8BC00BF0D79 /* AppDelegate.swift in Sources */ = {isa = PBXBuildFile; fileRef = 441F3841260BA8BC00BF0D79 /* AppDelegate.swift */; };
		441F3844260BA8BC00BF0D79 /* SceneDelegate.swift in Sources */ = {isa = PBXBuildFile; fileRef = 441F3843260BA8BC00BF0D79 /* SceneDelegate.swift */; };
		441F384B260BA8C100BF0D79 /* Assets.xcassets in Resources */ = {isa = PBXBuildFile; fileRef = 441F384A260BA8C100BF0D79 /* Assets.xcassets */; };
		441F384E260BA8C100BF0D79 /* LaunchScreen.storyboard in Resources */ = {isa = PBXBuildFile; fileRef = 441F384C260BA8C100BF0D79 /* LaunchScreen.storyboard */; };
		441F3859260BA8C100BF0D79 /* alconTests.swift in Sources */ = {isa = PBXBuildFile; fileRef = 441F3858260BA8C100BF0D79 /* alconTests.swift */; };
		441F3864260BA8C100BF0D79 /* alconUITests.swift in Sources */ = {isa = PBXBuildFile; fileRef = 441F3863260BA8C100BF0D79 /* alconUITests.swift */; };
		443456D7260F6DEB002EA8F2 /* UIImage-Extension.swift in Sources */ = {isa = PBXBuildFile; fileRef = 443456D6260F6DEB002EA8F2 /* UIImage-Extension.swift */; };
		444BF6A826183B9A00ADBCAA /* DrinkInfoLabel.swift in Sources */ = {isa = PBXBuildFile; fileRef = 444BF6A726183B9900ADBCAA /* DrinkInfoLabel.swift */; };
		44553DB1262344FA007073E1 /* GoogleService-Info.plist in Resources */ = {isa = PBXBuildFile; fileRef = 44553DB0262344FA007073E1 /* GoogleService-Info.plist */; };
		4469C891261875380078B525 /* UIView-Extension.swift in Sources */ = {isa = PBXBuildFile; fileRef = 4469C890261875380078B525 /* UIView-Extension.swift */; };
		44A708A32618951E00B06A07 /* DrinkRecordViewController.swift in Sources */ = {isa = PBXBuildFile; fileRef = 44A708A22618951E00B06A07 /* DrinkRecordViewController.swift */; };
		44A708A92619AB6F00B06A07 /* BuildFile in Frameworks */ = {isa = PBXBuildFile; productRef = 44A708A82619AB6F00B06A07 /* SwiftPackageProductDependency */; };
		44A708AB2619AB6F00B06A07 /* BuildFile in Frameworks */ = {isa = PBXBuildFile; productRef = 44A708AA2619AB6F00B06A07 /* SwiftPackageProductDependency */; };
		44A708AD2619AB6F00B06A07 /* BuildFile in Frameworks */ = {isa = PBXBuildFile; productRef = 44A708AC2619AB6F00B06A07 /* SwiftPackageProductDependency */; };
		44A708B82619B81800B06A07 /* GoalChangeViewController.swift in Sources */ = {isa = PBXBuildFile; fileRef = 44A708B72619B81800B06A07 /* GoalChangeViewController.swift */; };
		44ADA20A260CF51200847822 /* GoalView.swift in Sources */ = {isa = PBXBuildFile; fileRef = 44ADA209260CF51100847822 /* GoalView.swift */; };
		44ADA20F260CF53400847822 /* CalendarView.swift in Sources */ = {isa = PBXBuildFile; fileRef = 44ADA20E260CF53400847822 /* CalendarView.swift */; };
		44ADA21C260CF5F000847822 /* DrinkTableItemView.swift in Sources */ = {isa = PBXBuildFile; fileRef = 44ADA21B260CF5F000847822 /* DrinkTableItemView.swift */; };
		44ADA221260CF61000847822 /* DrinkTableView.swift in Sources */ = {isa = PBXBuildFile; fileRef = 44ADA220260CF61000847822 /* DrinkTableView.swift */; };
		44B9B422260F7A6800DB3FE6 /* BuildFile in Frameworks */ = {isa = PBXBuildFile; productRef = 44B9B421260F7A6800DB3FE6 /* SwiftPackageProductDependency */; };
		44C24F19260D6743005BB6A1 /* CalendarAndDrinkingRecordViewController.swift in Sources */ = {isa = PBXBuildFile; fileRef = 44C24F18260D6743005BB6A1 /* CalendarAndDrinkingRecordViewController.swift */; };
		44C24F1E260D676B005BB6A1 /* SettingsViewController.swift in Sources */ = {isa = PBXBuildFile; fileRef = 44C24F1D260D676B005BB6A1 /* SettingsViewController.swift */; };
		44C24F23260D68B9005BB6A1 /* MainTabBarController.swift in Sources */ = {isa = PBXBuildFile; fileRef = 44C24F22260D68B9005BB6A1 /* MainTabBarController.swift */; };
		44D3A38B260DA81100F14E38 /* UIColor-Extension.swift in Sources */ = {isa = PBXBuildFile; fileRef = 44D3A38A260DA81100F14E38 /* UIColor-Extension.swift */; };
		44D615F52619C0A700524AD2 /* CustomTextView.swift in Sources */ = {isa = PBXBuildFile; fileRef = 44D615F42619C0A700524AD2 /* CustomTextView.swift */; };
		44D615FA2619CBED00524AD2 /* CustomButton.swift in Sources */ = {isa = PBXBuildFile; fileRef = 44D615F92619CBED00524AD2 /* CustomButton.swift */; };
		D2D1EE5BC04B7661EF07E4D1 /* Pods_alcon.framework in Frameworks */ = {isa = PBXBuildFile; fileRef = A59C9F1B752DBE344BBB5A2C /* Pods_alcon.framework */; };
/* End PBXBuildFile section */

/* Begin PBXContainerItemProxy section */
		441F3855260BA8C100BF0D79 /* PBXContainerItemProxy */ = {
			isa = PBXContainerItemProxy;
			containerPortal = 441F3836260BA8BC00BF0D79 /* Project object */;
			proxyType = 1;
			remoteGlobalIDString = 441F383D260BA8BC00BF0D79;
			remoteInfo = alcon;
		};
		441F3860260BA8C100BF0D79 /* PBXContainerItemProxy */ = {
			isa = PBXContainerItemProxy;
			containerPortal = 441F3836260BA8BC00BF0D79 /* Project object */;
			proxyType = 1;
			remoteGlobalIDString = 441F383D260BA8BC00BF0D79;
			remoteInfo = alcon;
		};
/* End PBXContainerItemProxy section */

/* Begin PBXFileReference section */
		0DD7B6A024588E02CA504E23 /* Pods-alcon.debug.xcconfig */ = {isa = PBXFileReference; includeInIndex = 1; lastKnownFileType = text.xcconfig; name = "Pods-alcon.debug.xcconfig"; path = "Target Support Files/Pods-alcon/Pods-alcon.debug.xcconfig"; sourceTree = "<group>"; };
		14CDDD0637866C3D665D0BB0 /* Pods_alconTests.framework */ = {isa = PBXFileReference; explicitFileType = wrapper.framework; includeInIndex = 0; path = Pods_alconTests.framework; sourceTree = BUILT_PRODUCTS_DIR; };
		1D891A3105E289C2C55CAD06 /* Pods-alconTests.release.xcconfig */ = {isa = PBXFileReference; includeInIndex = 1; lastKnownFileType = text.xcconfig; name = "Pods-alconTests.release.xcconfig"; path = "Target Support Files/Pods-alconTests/Pods-alconTests.release.xcconfig"; sourceTree = "<group>"; };
		3E4944EECEE8BC20CB487B43 /* Pods-alcon-alconUITests.release.xcconfig */ = {isa = PBXFileReference; includeInIndex = 1; lastKnownFileType = text.xcconfig; name = "Pods-alcon-alconUITests.release.xcconfig"; path = "Target Support Files/Pods-alcon-alconUITests/Pods-alcon-alconUITests.release.xcconfig"; sourceTree = "<group>"; };
		3F3F151EAEAE66D22FC01FF1 /* Pods-alconTests.debug.xcconfig */ = {isa = PBXFileReference; includeInIndex = 1; lastKnownFileType = text.xcconfig; name = "Pods-alconTests.debug.xcconfig"; path = "Target Support Files/Pods-alconTests/Pods-alconTests.debug.xcconfig"; sourceTree = "<group>"; };
		440E156E26163665008ECB22 /* DrinkTableViewCell.swift */ = {isa = PBXFileReference; lastKnownFileType = sourcecode.swift; path = DrinkTableViewCell.swift; sourceTree = "<group>"; };
		441F383E260BA8BC00BF0D79 /* alcon.app */ = {isa = PBXFileReference; explicitFileType = wrapper.application; includeInIndex = 0; path = alcon.app; sourceTree = BUILT_PRODUCTS_DIR; };
		441F3841260BA8BC00BF0D79 /* AppDelegate.swift */ = {isa = PBXFileReference; lastKnownFileType = sourcecode.swift; path = AppDelegate.swift; sourceTree = "<group>"; };
		441F3843260BA8BC00BF0D79 /* SceneDelegate.swift */ = {isa = PBXFileReference; lastKnownFileType = sourcecode.swift; path = SceneDelegate.swift; sourceTree = "<group>"; };
		441F384A260BA8C100BF0D79 /* Assets.xcassets */ = {isa = PBXFileReference; lastKnownFileType = folder.assetcatalog; path = Assets.xcassets; sourceTree = "<group>"; };
		441F384D260BA8C100BF0D79 /* Base */ = {isa = PBXFileReference; lastKnownFileType = file.storyboard; name = Base; path = Base.lproj/LaunchScreen.storyboard; sourceTree = "<group>"; };
		441F384F260BA8C100BF0D79 /* Info.plist */ = {isa = PBXFileReference; lastKnownFileType = text.plist.xml; path = Info.plist; sourceTree = "<group>"; };
		441F3854260BA8C100BF0D79 /* alconTests.xctest */ = {isa = PBXFileReference; explicitFileType = wrapper.cfbundle; includeInIndex = 0; path = alconTests.xctest; sourceTree = BUILT_PRODUCTS_DIR; };
		441F3858260BA8C100BF0D79 /* alconTests.swift */ = {isa = PBXFileReference; lastKnownFileType = sourcecode.swift; path = alconTests.swift; sourceTree = "<group>"; };
		441F385A260BA8C100BF0D79 /* Info.plist */ = {isa = PBXFileReference; lastKnownFileType = text.plist.xml; path = Info.plist; sourceTree = "<group>"; };
		441F385F260BA8C100BF0D79 /* alconUITests.xctest */ = {isa = PBXFileReference; explicitFileType = wrapper.cfbundle; includeInIndex = 0; path = alconUITests.xctest; sourceTree = BUILT_PRODUCTS_DIR; };
		441F3863260BA8C100BF0D79 /* alconUITests.swift */ = {isa = PBXFileReference; lastKnownFileType = sourcecode.swift; path = alconUITests.swift; sourceTree = "<group>"; };
		441F3865260BA8C100BF0D79 /* Info.plist */ = {isa = PBXFileReference; lastKnownFileType = text.plist.xml; path = Info.plist; sourceTree = "<group>"; };
		443456D6260F6DEB002EA8F2 /* UIImage-Extension.swift */ = {isa = PBXFileReference; lastKnownFileType = sourcecode.swift; path = "UIImage-Extension.swift"; sourceTree = "<group>"; };
		444BF6A726183B9900ADBCAA /* DrinkInfoLabel.swift */ = {isa = PBXFileReference; lastKnownFileType = sourcecode.swift; path = DrinkInfoLabel.swift; sourceTree = "<group>"; };
		44553DB0262344FA007073E1 /* GoogleService-Info.plist */ = {isa = PBXFileReference; fileEncoding = 4; lastKnownFileType = text.plist.xml; path = "GoogleService-Info.plist"; sourceTree = "<group>"; };
		4469C890261875380078B525 /* UIView-Extension.swift */ = {isa = PBXFileReference; lastKnownFileType = sourcecode.swift; path = "UIView-Extension.swift"; sourceTree = "<group>"; };
		44A708A22618951E00B06A07 /* DrinkRecordViewController.swift */ = {isa = PBXFileReference; lastKnownFileType = sourcecode.swift; path = DrinkRecordViewController.swift; sourceTree = "<group>"; };
		44A708B72619B81800B06A07 /* GoalChangeViewController.swift */ = {isa = PBXFileReference; lastKnownFileType = sourcecode.swift; path = GoalChangeViewController.swift; sourceTree = "<group>"; };
		44ADA209260CF51100847822 /* GoalView.swift */ = {isa = PBXFileReference; lastKnownFileType = sourcecode.swift; path = GoalView.swift; sourceTree = "<group>"; };
		44ADA20E260CF53400847822 /* CalendarView.swift */ = {isa = PBXFileReference; lastKnownFileType = sourcecode.swift; path = CalendarView.swift; sourceTree = "<group>"; };
		44ADA21B260CF5F000847822 /* DrinkTableItemView.swift */ = {isa = PBXFileReference; lastKnownFileType = sourcecode.swift; path = DrinkTableItemView.swift; sourceTree = "<group>"; };
		44ADA220260CF61000847822 /* DrinkTableView.swift */ = {isa = PBXFileReference; lastKnownFileType = sourcecode.swift; path = DrinkTableView.swift; sourceTree = "<group>"; };
		44C24F18260D6743005BB6A1 /* CalendarAndDrinkingRecordViewController.swift */ = {isa = PBXFileReference; lastKnownFileType = sourcecode.swift; path = CalendarAndDrinkingRecordViewController.swift; sourceTree = "<group>"; };
		44C24F1D260D676B005BB6A1 /* SettingsViewController.swift */ = {isa = PBXFileReference; lastKnownFileType = sourcecode.swift; path = SettingsViewController.swift; sourceTree = "<group>"; };
		44C24F22260D68B9005BB6A1 /* MainTabBarController.swift */ = {isa = PBXFileReference; lastKnownFileType = sourcecode.swift; path = MainTabBarController.swift; sourceTree = "<group>"; };
		44D3A38A260DA81100F14E38 /* UIColor-Extension.swift */ = {isa = PBXFileReference; lastKnownFileType = sourcecode.swift; path = "UIColor-Extension.swift"; sourceTree = "<group>"; };
		44D615F42619C0A700524AD2 /* CustomTextView.swift */ = {isa = PBXFileReference; lastKnownFileType = sourcecode.swift; path = CustomTextView.swift; sourceTree = "<group>"; };
		44D615F92619CBED00524AD2 /* CustomButton.swift */ = {isa = PBXFileReference; lastKnownFileType = sourcecode.swift; path = CustomButton.swift; sourceTree = "<group>"; };
		4B5C554C85EDF7DBC787A98B /* Pods-alcon.release.xcconfig */ = {isa = PBXFileReference; includeInIndex = 1; lastKnownFileType = text.xcconfig; name = "Pods-alcon.release.xcconfig"; path = "Target Support Files/Pods-alcon/Pods-alcon.release.xcconfig"; sourceTree = "<group>"; };
		72C85C337AA95578C1DA76DF /* Pods-alcon-alconUITests.debug.xcconfig */ = {isa = PBXFileReference; includeInIndex = 1; lastKnownFileType = text.xcconfig; name = "Pods-alcon-alconUITests.debug.xcconfig"; path = "Target Support Files/Pods-alcon-alconUITests/Pods-alcon-alconUITests.debug.xcconfig"; sourceTree = "<group>"; };
		A59C9F1B752DBE344BBB5A2C /* Pods_alcon.framework */ = {isa = PBXFileReference; explicitFileType = wrapper.framework; includeInIndex = 0; path = Pods_alcon.framework; sourceTree = BUILT_PRODUCTS_DIR; };
		CD3DD7DFC462D68B76D47B54 /* Pods_alcon_alconUITests.framework */ = {isa = PBXFileReference; explicitFileType = wrapper.framework; includeInIndex = 0; path = Pods_alcon_alconUITests.framework; sourceTree = BUILT_PRODUCTS_DIR; };
/* End PBXFileReference section */

/* Begin PBXFrameworksBuildPhase section */
		441F383B260BA8BC00BF0D79 /* Frameworks */ = {
			isa = PBXFrameworksBuildPhase;
			buildActionMask = 2147483647;
			files = (
				44A708AB2619AB6F00B06A07 /* BuildFile in Frameworks */,
				44A708A92619AB6F00B06A07 /* BuildFile in Frameworks */,
				44A708AD2619AB6F00B06A07 /* BuildFile in Frameworks */,
				44B9B422260F7A6800DB3FE6 /* BuildFile in Frameworks */,
				D2D1EE5BC04B7661EF07E4D1 /* Pods_alcon.framework in Frameworks */,
			);
			runOnlyForDeploymentPostprocessing = 0;
		};
		441F3851260BA8C100BF0D79 /* Frameworks */ = {
			isa = PBXFrameworksBuildPhase;
			buildActionMask = 2147483647;
			files = (
				2EDB480EC9EED850A08CE3C8 /* Pods_alconTests.framework in Frameworks */,
			);
			runOnlyForDeploymentPostprocessing = 0;
		};
		441F385C260BA8C100BF0D79 /* Frameworks */ = {
			isa = PBXFrameworksBuildPhase;
			buildActionMask = 2147483647;
			files = (
				2C1385C711FD30429D126C0B /* Pods_alcon_alconUITests.framework in Frameworks */,
			);
			runOnlyForDeploymentPostprocessing = 0;
		};
/* End PBXFrameworksBuildPhase section */

/* Begin PBXGroup section */
		2001D401E789BE062FC832B5 /* Pods */ = {
			isa = PBXGroup;
			children = (
				0DD7B6A024588E02CA504E23 /* Pods-alcon.debug.xcconfig */,
				4B5C554C85EDF7DBC787A98B /* Pods-alcon.release.xcconfig */,
				72C85C337AA95578C1DA76DF /* Pods-alcon-alconUITests.debug.xcconfig */,
				3E4944EECEE8BC20CB487B43 /* Pods-alcon-alconUITests.release.xcconfig */,
				3F3F151EAEAE66D22FC01FF1 /* Pods-alconTests.debug.xcconfig */,
				1D891A3105E289C2C55CAD06 /* Pods-alconTests.release.xcconfig */,
			);
			name = Pods;
			path = Pods;
			sourceTree = "<group>";
		};
		30AB77D52D4AFFBFF8DB86E0 /* Frameworks */ = {
			isa = PBXGroup;
			children = (
				A59C9F1B752DBE344BBB5A2C /* Pods_alcon.framework */,
				CD3DD7DFC462D68B76D47B54 /* Pods_alcon_alconUITests.framework */,
				14CDDD0637866C3D665D0BB0 /* Pods_alconTests.framework */,
			);
			name = Frameworks;
			sourceTree = "<group>";
		};
		441F3835260BA8BC00BF0D79 = {
			isa = PBXGroup;
			children = (
				441F3840260BA8BC00BF0D79 /* alcon */,
				441F3857260BA8C100BF0D79 /* alconTests */,
				441F3862260BA8C100BF0D79 /* alconUITests */,
				441F383F260BA8BC00BF0D79 /* Products */,
				2001D401E789BE062FC832B5 /* Pods */,
				30AB77D52D4AFFBFF8DB86E0 /* Frameworks */,
			);
			sourceTree = "<group>";
		};
		441F383F260BA8BC00BF0D79 /* Products */ = {
			isa = PBXGroup;
			children = (
				441F383E260BA8BC00BF0D79 /* alcon.app */,
				441F3854260BA8C100BF0D79 /* alconTests.xctest */,
				441F385F260BA8C100BF0D79 /* alconUITests.xctest */,
			);
			name = Products;
			sourceTree = "<group>";
		};
		441F3840260BA8BC00BF0D79 /* alcon */ = {
			isa = PBXGroup;
			children = (
				441F3841260BA8BC00BF0D79 /* AppDelegate.swift */,
				441F3843260BA8BC00BF0D79 /* SceneDelegate.swift */,
				44D3A389260DA79500F14E38 /* Extension */,
				44ADA207260CF36A00847822 /* Views */,
				442C46D9260D8AD600A2A8EF /* ViewControllers */,
				441F384A260BA8C100BF0D79 /* Assets.xcassets */,
				441F384C260BA8C100BF0D79 /* LaunchScreen.storyboard */,
				441F384F260BA8C100BF0D79 /* Info.plist */,
				44553DB0262344FA007073E1 /* GoogleService-Info.plist */,
			);
			path = alcon;
			sourceTree = "<group>";
		};
		441F3857260BA8C100BF0D79 /* alconTests */ = {
			isa = PBXGroup;
			children = (
				441F3858260BA8C100BF0D79 /* alconTests.swift */,
				441F385A260BA8C100BF0D79 /* Info.plist */,
			);
			path = alconTests;
			sourceTree = "<group>";
		};
		441F3862260BA8C100BF0D79 /* alconUITests */ = {
			isa = PBXGroup;
			children = (
				441F3863260BA8C100BF0D79 /* alconUITests.swift */,
				441F3865260BA8C100BF0D79 /* Info.plist */,
			);
			path = alconUITests;
			sourceTree = "<group>";
		};
		442C46D9260D8AD600A2A8EF /* ViewControllers */ = {
			isa = PBXGroup;
			children = (
				44C24F18260D6743005BB6A1 /* CalendarAndDrinkingRecordViewController.swift */,
				44C24F1D260D676B005BB6A1 /* SettingsViewController.swift */,
				44C24F22260D68B9005BB6A1 /* MainTabBarController.swift */,
				44A708A22618951E00B06A07 /* DrinkRecordViewController.swift */,
				44A708B72619B81800B06A07 /* GoalChangeViewController.swift */,
			);
			path = ViewControllers;
			sourceTree = "<group>";
		};
		44ADA207260CF36A00847822 /* Views */ = {
			isa = PBXGroup;
			children = (
				44BF1070261A36730020CE7C /* CalendarScreen */,
				44BF1074261A36CF0020CE7C /* UICustom */,
			);
			path = Views;
			sourceTree = "<group>";
		};
		44BF1070261A36730020CE7C /* CalendarScreen */ = {
			isa = PBXGroup;
			children = (
				44ADA209260CF51100847822 /* GoalView.swift */,
				44ADA20E260CF53400847822 /* CalendarView.swift */,
				44ADA21B260CF5F000847822 /* DrinkTableItemView.swift */,
				44ADA220260CF61000847822 /* DrinkTableView.swift */,
				440E156E26163665008ECB22 /* DrinkTableViewCell.swift */,
			);
			path = CalendarScreen;
			sourceTree = "<group>";
		};
		44BF1074261A36CF0020CE7C /* UICustom */ = {
			isa = PBXGroup;
			children = (
				444BF6A726183B9900ADBCAA /* DrinkInfoLabel.swift */,
				44D615F42619C0A700524AD2 /* CustomTextView.swift */,
				44D615F92619CBED00524AD2 /* CustomButton.swift */,
			);
			path = UICustom;
			sourceTree = "<group>";
		};
		44D3A389260DA79500F14E38 /* Extension */ = {
			isa = PBXGroup;
			children = (
				44D3A38A260DA81100F14E38 /* UIColor-Extension.swift */,
				443456D6260F6DEB002EA8F2 /* UIImage-Extension.swift */,
				4469C890261875380078B525 /* UIView-Extension.swift */,
			);
			path = Extension;
			sourceTree = "<group>";
		};
/* End PBXGroup section */

/* Begin PBXNativeTarget section */
		441F383D260BA8BC00BF0D79 /* alcon */ = {
			isa = PBXNativeTarget;
			buildConfigurationList = 441F3868260BA8C100BF0D79 /* Build configuration list for PBXNativeTarget "alcon" */;
			buildPhases = (
				0063FF8B23A6193B24ED4E2E /* [CP] Check Pods Manifest.lock */,
				441F383A260BA8BC00BF0D79 /* Sources */,
				441F383B260BA8BC00BF0D79 /* Frameworks */,
				441F383C260BA8BC00BF0D79 /* Resources */,
				D40CA24F6CEB282A5E47A3E7 /* [CP] Embed Pods Frameworks */,
			);
			buildRules = (
			);
			dependencies = (
			);
			name = alcon;
			packageProductDependencies = (
				44B9B421260F7A6800DB3FE6 /* SwiftPackageProductDependency */,
				44A708A82619AB6F00B06A07 /* SwiftPackageProductDependency */,
				44A708AA2619AB6F00B06A07 /* SwiftPackageProductDependency */,
				44A708AC2619AB6F00B06A07 /* SwiftPackageProductDependency */,
			);
			productName = alcon;
			productReference = 441F383E260BA8BC00BF0D79 /* alcon.app */;
			productType = "com.apple.product-type.application";
		};
		441F3853260BA8C100BF0D79 /* alconTests */ = {
			isa = PBXNativeTarget;
			buildConfigurationList = 441F386B260BA8C100BF0D79 /* Build configuration list for PBXNativeTarget "alconTests" */;
			buildPhases = (
				C436B877CFED6B593F719912 /* [CP] Check Pods Manifest.lock */,
				441F3850260BA8C100BF0D79 /* Sources */,
				441F3851260BA8C100BF0D79 /* Frameworks */,
				441F3852260BA8C100BF0D79 /* Resources */,
			);
			buildRules = (
			);
			dependencies = (
				441F3856260BA8C100BF0D79 /* PBXTargetDependency */,
			);
			name = alconTests;
			productName = alconTests;
			productReference = 441F3854260BA8C100BF0D79 /* alconTests.xctest */;
			productType = "com.apple.product-type.bundle.unit-test";
		};
		441F385E260BA8C100BF0D79 /* alconUITests */ = {
			isa = PBXNativeTarget;
			buildConfigurationList = 441F386E260BA8C100BF0D79 /* Build configuration list for PBXNativeTarget "alconUITests" */;
			buildPhases = (
				AB638116701232F4F03C031C /* [CP] Check Pods Manifest.lock */,
				441F385B260BA8C100BF0D79 /* Sources */,
				441F385C260BA8C100BF0D79 /* Frameworks */,
				441F385D260BA8C100BF0D79 /* Resources */,
				7C1B230B81823B32AEA52D8E /* [CP] Embed Pods Frameworks */,
			);
			buildRules = (
			);
			dependencies = (
				441F3861260BA8C100BF0D79 /* PBXTargetDependency */,
			);
			name = alconUITests;
			productName = alconUITests;
			productReference = 441F385F260BA8C100BF0D79 /* alconUITests.xctest */;
			productType = "com.apple.product-type.bundle.ui-testing";
		};
/* End PBXNativeTarget section */

/* Begin PBXProject section */
		441F3836260BA8BC00BF0D79 /* Project object */ = {
			isa = PBXProject;
			attributes = {
				LastSwiftUpdateCheck = 1240;
				LastUpgradeCheck = 1240;
				TargetAttributes = {
					441F383D260BA8BC00BF0D79 = {
						CreatedOnToolsVersion = 12.4;
					};
					441F3853260BA8C100BF0D79 = {
						CreatedOnToolsVersion = 12.4;
						TestTargetID = 441F383D260BA8BC00BF0D79;
					};
					441F385E260BA8C100BF0D79 = {
						CreatedOnToolsVersion = 12.4;
						TestTargetID = 441F383D260BA8BC00BF0D79;
					};
				};
			};
			buildConfigurationList = 441F3839260BA8BC00BF0D79 /* Build configuration list for PBXProject "alcon" */;
			compatibilityVersion = "Xcode 9.3";
			developmentRegion = en;
			hasScannedForEncodings = 0;
			knownRegions = (
				en,
				Base,
			);
			mainGroup = 441F3835260BA8BC00BF0D79;
			packageReferences = (
				44B9B420260F7A6800DB3FE6 /* RemoteSwiftPackageReference */,
				44A708A72619AB6F00B06A07 /* RemoteSwiftPackageReference */,
			);
			productRefGroup = 441F383F260BA8BC00BF0D79 /* Products */;
			projectDirPath = "";
			projectRoot = "";
			targets = (
				441F383D260BA8BC00BF0D79 /* alcon */,
				441F3853260BA8C100BF0D79 /* alconTests */,
				441F385E260BA8C100BF0D79 /* alconUITests */,
			);
		};
/* End PBXProject section */

/* Begin PBXResourcesBuildPhase section */
		441F383C260BA8BC00BF0D79 /* Resources */ = {
			isa = PBXResourcesBuildPhase;
			buildActionMask = 2147483647;
			files = (
				441F384E260BA8C100BF0D79 /* LaunchScreen.storyboard in Resources */,
				441F384B260BA8C100BF0D79 /* Assets.xcassets in Resources */,
				44553DB1262344FA007073E1 /* GoogleService-Info.plist in Resources */,
			);
			runOnlyForDeploymentPostprocessing = 0;
		};
		441F3852260BA8C100BF0D79 /* Resources */ = {
			isa = PBXResourcesBuildPhase;
			buildActionMask = 2147483647;
			files = (
			);
			runOnlyForDeploymentPostprocessing = 0;
		};
		441F385D260BA8C100BF0D79 /* Resources */ = {
			isa = PBXResourcesBuildPhase;
			buildActionMask = 2147483647;
			files = (
			);
			runOnlyForDeploymentPostprocessing = 0;
		};
/* End PBXResourcesBuildPhase section */

/* Begin PBXShellScriptBuildPhase section */
		0063FF8B23A6193B24ED4E2E /* [CP] Check Pods Manifest.lock */ = {
			isa = PBXShellScriptBuildPhase;
			buildActionMask = 2147483647;
			files = (
			);
			inputFileListPaths = (
			);
			inputPaths = (
				"${PODS_PODFILE_DIR_PATH}/Podfile.lock",
				"${PODS_ROOT}/Manifest.lock",
			);
			name = "[CP] Check Pods Manifest.lock";
			outputFileListPaths = (
			);
			outputPaths = (
				"$(DERIVED_FILE_DIR)/Pods-alcon-checkManifestLockResult.txt",
			);
			runOnlyForDeploymentPostprocessing = 0;
			shellPath = /bin/sh;
			shellScript = "diff \"${PODS_PODFILE_DIR_PATH}/Podfile.lock\" \"${PODS_ROOT}/Manifest.lock\" > /dev/null\nif [ $? != 0 ] ; then\n    # print error to STDERR\n    echo \"error: The sandbox is not in sync with the Podfile.lock. Run 'pod install' or update your CocoaPods installation.\" >&2\n    exit 1\nfi\n# This output is used by Xcode 'outputs' to avoid re-running this script phase.\necho \"SUCCESS\" > \"${SCRIPT_OUTPUT_FILE_0}\"\n";
			showEnvVarsInLog = 0;
		};
		7C1B230B81823B32AEA52D8E /* [CP] Embed Pods Frameworks */ = {
			isa = PBXShellScriptBuildPhase;
			buildActionMask = 2147483647;
			files = (
			);
			inputFileListPaths = (
				"${PODS_ROOT}/Target Support Files/Pods-alcon-alconUITests/Pods-alcon-alconUITests-frameworks-${CONFIGURATION}-input-files.xcfilelist",
			);
			name = "[CP] Embed Pods Frameworks";
			outputFileListPaths = (
				"${PODS_ROOT}/Target Support Files/Pods-alcon-alconUITests/Pods-alcon-alconUITests-frameworks-${CONFIGURATION}-output-files.xcfilelist",
			);
			runOnlyForDeploymentPostprocessing = 0;
			shellPath = /bin/sh;
			shellScript = "\"${PODS_ROOT}/Target Support Files/Pods-alcon-alconUITests/Pods-alcon-alconUITests-frameworks.sh\"\n";
			showEnvVarsInLog = 0;
		};
		AB638116701232F4F03C031C /* [CP] Check Pods Manifest.lock */ = {
			isa = PBXShellScriptBuildPhase;
			buildActionMask = 2147483647;
			files = (
			);
			inputFileListPaths = (
			);
			inputPaths = (
				"${PODS_PODFILE_DIR_PATH}/Podfile.lock",
				"${PODS_ROOT}/Manifest.lock",
			);
			name = "[CP] Check Pods Manifest.lock";
			outputFileListPaths = (
			);
			outputPaths = (
				"$(DERIVED_FILE_DIR)/Pods-alcon-alconUITests-checkManifestLockResult.txt",
			);
			runOnlyForDeploymentPostprocessing = 0;
			shellPath = /bin/sh;
			shellScript = "diff \"${PODS_PODFILE_DIR_PATH}/Podfile.lock\" \"${PODS_ROOT}/Manifest.lock\" > /dev/null\nif [ $? != 0 ] ; then\n    # print error to STDERR\n    echo \"error: The sandbox is not in sync with the Podfile.lock. Run 'pod install' or update your CocoaPods installation.\" >&2\n    exit 1\nfi\n# This output is used by Xcode 'outputs' to avoid re-running this script phase.\necho \"SUCCESS\" > \"${SCRIPT_OUTPUT_FILE_0}\"\n";
			showEnvVarsInLog = 0;
		};
		C436B877CFED6B593F719912 /* [CP] Check Pods Manifest.lock */ = {
			isa = PBXShellScriptBuildPhase;
			buildActionMask = 2147483647;
			files = (
			);
			inputFileListPaths = (
			);
			inputPaths = (
				"${PODS_PODFILE_DIR_PATH}/Podfile.lock",
				"${PODS_ROOT}/Manifest.lock",
			);
			name = "[CP] Check Pods Manifest.lock";
			outputFileListPaths = (
			);
			outputPaths = (
				"$(DERIVED_FILE_DIR)/Pods-alconTests-checkManifestLockResult.txt",
			);
			runOnlyForDeploymentPostprocessing = 0;
			shellPath = /bin/sh;
			shellScript = "diff \"${PODS_PODFILE_DIR_PATH}/Podfile.lock\" \"${PODS_ROOT}/Manifest.lock\" > /dev/null\nif [ $? != 0 ] ; then\n    # print error to STDERR\n    echo \"error: The sandbox is not in sync with the Podfile.lock. Run 'pod install' or update your CocoaPods installation.\" >&2\n    exit 1\nfi\n# This output is used by Xcode 'outputs' to avoid re-running this script phase.\necho \"SUCCESS\" > \"${SCRIPT_OUTPUT_FILE_0}\"\n";
			showEnvVarsInLog = 0;
		};
		D40CA24F6CEB282A5E47A3E7 /* [CP] Embed Pods Frameworks */ = {
			isa = PBXShellScriptBuildPhase;
			buildActionMask = 2147483647;
			files = (
			);
			inputFileListPaths = (
				"${PODS_ROOT}/Target Support Files/Pods-alcon/Pods-alcon-frameworks-${CONFIGURATION}-input-files.xcfilelist",
			);
			name = "[CP] Embed Pods Frameworks";
			outputFileListPaths = (
				"${PODS_ROOT}/Target Support Files/Pods-alcon/Pods-alcon-frameworks-${CONFIGURATION}-output-files.xcfilelist",
			);
			runOnlyForDeploymentPostprocessing = 0;
			shellPath = /bin/sh;
			shellScript = "\"${PODS_ROOT}/Target Support Files/Pods-alcon/Pods-alcon-frameworks.sh\"\n";
			showEnvVarsInLog = 0;
		};
/* End PBXShellScriptBuildPhase section */

/* Begin PBXSourcesBuildPhase section */
		441F383A260BA8BC00BF0D79 /* Sources */ = {
			isa = PBXSourcesBuildPhase;
			buildActionMask = 2147483647;
			files = (
				44ADA20F260CF53400847822 /* CalendarView.swift in Sources */,
				44A708B82619B81800B06A07 /* GoalChangeViewController.swift in Sources */,
				44D615FA2619CBED00524AD2 /* CustomButton.swift in Sources */,
				44C24F19260D6743005BB6A1 /* CalendarAndDrinkingRecordViewController.swift in Sources */,
				44C24F23260D68B9005BB6A1 /* MainTabBarController.swift in Sources */,
				441F3842260BA8BC00BF0D79 /* AppDelegate.swift in Sources */,
				44ADA221260CF61000847822 /* DrinkTableView.swift in Sources */,
				443456D7260F6DEB002EA8F2 /* UIImage-Extension.swift in Sources */,
				44A708A32618951E00B06A07 /* DrinkRecordViewController.swift in Sources */,
				441F3844260BA8BC00BF0D79 /* SceneDelegate.swift in Sources */,
				44D615F52619C0A700524AD2 /* CustomTextView.swift in Sources */,
				44ADA20A260CF51200847822 /* GoalView.swift in Sources */,
				444BF6A826183B9A00ADBCAA /* DrinkInfoLabel.swift in Sources */,
				44ADA21C260CF5F000847822 /* DrinkTableItemView.swift in Sources */,
				4469C891261875380078B525 /* UIView-Extension.swift in Sources */,
				44C24F1E260D676B005BB6A1 /* SettingsViewController.swift in Sources */,
				440E156F26163665008ECB22 /* DrinkTableViewCell.swift in Sources */,
				44D3A38B260DA81100F14E38 /* UIColor-Extension.swift in Sources */,
			);
			runOnlyForDeploymentPostprocessing = 0;
		};
		441F3850260BA8C100BF0D79 /* Sources */ = {
			isa = PBXSourcesBuildPhase;
			buildActionMask = 2147483647;
			files = (
				441F3859260BA8C100BF0D79 /* alconTests.swift in Sources */,
			);
			runOnlyForDeploymentPostprocessing = 0;
		};
		441F385B260BA8C100BF0D79 /* Sources */ = {
			isa = PBXSourcesBuildPhase;
			buildActionMask = 2147483647;
			files = (
				441F3864260BA8C100BF0D79 /* alconUITests.swift in Sources */,
			);
			runOnlyForDeploymentPostprocessing = 0;
		};
/* End PBXSourcesBuildPhase section */

/* Begin PBXTargetDependency section */
		441F3856260BA8C100BF0D79 /* PBXTargetDependency */ = {
			isa = PBXTargetDependency;
			target = 441F383D260BA8BC00BF0D79 /* alcon */;
			targetProxy = 441F3855260BA8C100BF0D79 /* PBXContainerItemProxy */;
		};
		441F3861260BA8C100BF0D79 /* PBXTargetDependency */ = {
			isa = PBXTargetDependency;
			target = 441F383D260BA8BC00BF0D79 /* alcon */;
			targetProxy = 441F3860260BA8C100BF0D79 /* PBXContainerItemProxy */;
		};
/* End PBXTargetDependency section */

/* Begin PBXVariantGroup section */
		441F384C260BA8C100BF0D79 /* LaunchScreen.storyboard */ = {
			isa = PBXVariantGroup;
			children = (
				441F384D260BA8C100BF0D79 /* Base */,
			);
			name = LaunchScreen.storyboard;
			sourceTree = "<group>";
		};
/* End PBXVariantGroup section */

/* Begin XCBuildConfiguration section */
		441F3866260BA8C100BF0D79 /* Debug */ = {
			isa = XCBuildConfiguration;
			buildSettings = {
				ALWAYS_SEARCH_USER_PATHS = NO;
				CLANG_ANALYZER_NONNULL = YES;
				CLANG_ANALYZER_NUMBER_OBJECT_CONVERSION = YES_AGGRESSIVE;
				CLANG_CXX_LANGUAGE_STANDARD = "gnu++14";
				CLANG_CXX_LIBRARY = "libc++";
				CLANG_ENABLE_MODULES = YES;
				CLANG_ENABLE_OBJC_ARC = YES;
				CLANG_ENABLE_OBJC_WEAK = YES;
				CLANG_WARN_BLOCK_CAPTURE_AUTORELEASING = YES;
				CLANG_WARN_BOOL_CONVERSION = YES;
				CLANG_WARN_COMMA = YES;
				CLANG_WARN_CONSTANT_CONVERSION = YES;
				CLANG_WARN_DEPRECATED_OBJC_IMPLEMENTATIONS = YES;
				CLANG_WARN_DIRECT_OBJC_ISA_USAGE = YES_ERROR;
				CLANG_WARN_DOCUMENTATION_COMMENTS = YES;
				CLANG_WARN_EMPTY_BODY = YES;
				CLANG_WARN_ENUM_CONVERSION = YES;
				CLANG_WARN_INFINITE_RECURSION = YES;
				CLANG_WARN_INT_CONVERSION = YES;
				CLANG_WARN_NON_LITERAL_NULL_CONVERSION = YES;
				CLANG_WARN_OBJC_IMPLICIT_RETAIN_SELF = YES;
				CLANG_WARN_OBJC_LITERAL_CONVERSION = YES;
				CLANG_WARN_OBJC_ROOT_CLASS = YES_ERROR;
				CLANG_WARN_QUOTED_INCLUDE_IN_FRAMEWORK_HEADER = YES;
				CLANG_WARN_RANGE_LOOP_ANALYSIS = YES;
				CLANG_WARN_STRICT_PROTOTYPES = YES;
				CLANG_WARN_SUSPICIOUS_MOVE = YES;
				CLANG_WARN_UNGUARDED_AVAILABILITY = YES_AGGRESSIVE;
				CLANG_WARN_UNREACHABLE_CODE = YES;
				CLANG_WARN__DUPLICATE_METHOD_MATCH = YES;
				COPY_PHASE_STRIP = NO;
				DEBUG_INFORMATION_FORMAT = dwarf;
				ENABLE_STRICT_OBJC_MSGSEND = YES;
				ENABLE_TESTABILITY = YES;
				GCC_C_LANGUAGE_STANDARD = gnu11;
				GCC_DYNAMIC_NO_PIC = NO;
				GCC_NO_COMMON_BLOCKS = YES;
				GCC_OPTIMIZATION_LEVEL = 0;
				GCC_PREPROCESSOR_DEFINITIONS = (
					"DEBUG=1",
					"$(inherited)",
				);
				GCC_WARN_64_TO_32_BIT_CONVERSION = YES;
				GCC_WARN_ABOUT_RETURN_TYPE = YES_ERROR;
				GCC_WARN_UNDECLARED_SELECTOR = YES;
				GCC_WARN_UNINITIALIZED_AUTOS = YES_AGGRESSIVE;
				GCC_WARN_UNUSED_FUNCTION = YES;
				GCC_WARN_UNUSED_VARIABLE = YES;
				IPHONEOS_DEPLOYMENT_TARGET = 14.4;
				MTL_ENABLE_DEBUG_INFO = INCLUDE_SOURCE;
				MTL_FAST_MATH = YES;
				ONLY_ACTIVE_ARCH = YES;
				SDKROOT = iphoneos;
				SWIFT_ACTIVE_COMPILATION_CONDITIONS = DEBUG;
				SWIFT_OPTIMIZATION_LEVEL = "-Onone";
			};
			name = Debug;
		};
		441F3867260BA8C100BF0D79 /* Release */ = {
			isa = XCBuildConfiguration;
			buildSettings = {
				ALWAYS_SEARCH_USER_PATHS = NO;
				CLANG_ANALYZER_NONNULL = YES;
				CLANG_ANALYZER_NUMBER_OBJECT_CONVERSION = YES_AGGRESSIVE;
				CLANG_CXX_LANGUAGE_STANDARD = "gnu++14";
				CLANG_CXX_LIBRARY = "libc++";
				CLANG_ENABLE_MODULES = YES;
				CLANG_ENABLE_OBJC_ARC = YES;
				CLANG_ENABLE_OBJC_WEAK = YES;
				CLANG_WARN_BLOCK_CAPTURE_AUTORELEASING = YES;
				CLANG_WARN_BOOL_CONVERSION = YES;
				CLANG_WARN_COMMA = YES;
				CLANG_WARN_CONSTANT_CONVERSION = YES;
				CLANG_WARN_DEPRECATED_OBJC_IMPLEMENTATIONS = YES;
				CLANG_WARN_DIRECT_OBJC_ISA_USAGE = YES_ERROR;
				CLANG_WARN_DOCUMENTATION_COMMENTS = YES;
				CLANG_WARN_EMPTY_BODY = YES;
				CLANG_WARN_ENUM_CONVERSION = YES;
				CLANG_WARN_INFINITE_RECURSION = YES;
				CLANG_WARN_INT_CONVERSION = YES;
				CLANG_WARN_NON_LITERAL_NULL_CONVERSION = YES;
				CLANG_WARN_OBJC_IMPLICIT_RETAIN_SELF = YES;
				CLANG_WARN_OBJC_LITERAL_CONVERSION = YES;
				CLANG_WARN_OBJC_ROOT_CLASS = YES_ERROR;
				CLANG_WARN_QUOTED_INCLUDE_IN_FRAMEWORK_HEADER = YES;
				CLANG_WARN_RANGE_LOOP_ANALYSIS = YES;
				CLANG_WARN_STRICT_PROTOTYPES = YES;
				CLANG_WARN_SUSPICIOUS_MOVE = YES;
				CLANG_WARN_UNGUARDED_AVAILABILITY = YES_AGGRESSIVE;
				CLANG_WARN_UNREACHABLE_CODE = YES;
				CLANG_WARN__DUPLICATE_METHOD_MATCH = YES;
				COPY_PHASE_STRIP = NO;
				DEBUG_INFORMATION_FORMAT = "dwarf-with-dsym";
				ENABLE_NS_ASSERTIONS = NO;
				ENABLE_STRICT_OBJC_MSGSEND = YES;
				GCC_C_LANGUAGE_STANDARD = gnu11;
				GCC_NO_COMMON_BLOCKS = YES;
				GCC_WARN_64_TO_32_BIT_CONVERSION = YES;
				GCC_WARN_ABOUT_RETURN_TYPE = YES_ERROR;
				GCC_WARN_UNDECLARED_SELECTOR = YES;
				GCC_WARN_UNINITIALIZED_AUTOS = YES_AGGRESSIVE;
				GCC_WARN_UNUSED_FUNCTION = YES;
				GCC_WARN_UNUSED_VARIABLE = YES;
				IPHONEOS_DEPLOYMENT_TARGET = 14.4;
				MTL_ENABLE_DEBUG_INFO = NO;
				MTL_FAST_MATH = YES;
				SDKROOT = iphoneos;
				SWIFT_COMPILATION_MODE = wholemodule;
				SWIFT_OPTIMIZATION_LEVEL = "-O";
				VALIDATE_PRODUCT = YES;
			};
			name = Release;
		};
		441F3869260BA8C100BF0D79 /* Debug */ = {
			isa = XCBuildConfiguration;
			baseConfigurationReference = 0DD7B6A024588E02CA504E23 /* Pods-alcon.debug.xcconfig */;
			buildSettings = {
				ASSETCATALOG_COMPILER_APPICON_NAME = AppIcon;
				ASSETCATALOG_COMPILER_GLOBAL_ACCENT_COLOR_NAME = AccentColor;
				CODE_SIGN_STYLE = Automatic;
				DEVELOPMENT_TEAM = DX3FKMWYLL;
				INFOPLIST_FILE = alcon/Info.plist;
				LD_RUNPATH_SEARCH_PATHS = (
					"$(inherited)",
					"@executable_path/Frameworks",
				);
				PRODUCT_BUNDLE_IDENTIFIER = com.icloud.kaitokudou2468110921.alcon;
				PRODUCT_NAME = "$(TARGET_NAME)";
				SWIFT_VERSION = 5.0;
				TARGETED_DEVICE_FAMILY = "1,2";
			};
			name = Debug;
		};
		441F386A260BA8C100BF0D79 /* Release */ = {
			isa = XCBuildConfiguration;
			baseConfigurationReference = 4B5C554C85EDF7DBC787A98B /* Pods-alcon.release.xcconfig */;
			buildSettings = {
				ASSETCATALOG_COMPILER_APPICON_NAME = AppIcon;
				ASSETCATALOG_COMPILER_GLOBAL_ACCENT_COLOR_NAME = AccentColor;
				CODE_SIGN_STYLE = Automatic;
				DEVELOPMENT_TEAM = DX3FKMWYLL;
				INFOPLIST_FILE = alcon/Info.plist;
				LD_RUNPATH_SEARCH_PATHS = (
					"$(inherited)",
					"@executable_path/Frameworks",
				);
				PRODUCT_BUNDLE_IDENTIFIER = com.icloud.kaitokudou2468110921.alcon;
				PRODUCT_NAME = "$(TARGET_NAME)";
				SWIFT_VERSION = 5.0;
				TARGETED_DEVICE_FAMILY = "1,2";
			};
			name = Release;
		};
		441F386C260BA8C100BF0D79 /* Debug */ = {
			isa = XCBuildConfiguration;
			baseConfigurationReference = 3F3F151EAEAE66D22FC01FF1 /* Pods-alconTests.debug.xcconfig */;
			buildSettings = {
				ALWAYS_EMBED_SWIFT_STANDARD_LIBRARIES = YES;
				BUNDLE_LOADER = "$(TEST_HOST)";
				CODE_SIGN_STYLE = Automatic;
				DEVELOPMENT_TEAM = DX3FKMWYLL;
				INFOPLIST_FILE = alconTests/Info.plist;
				IPHONEOS_DEPLOYMENT_TARGET = 14.4;
				LD_RUNPATH_SEARCH_PATHS = (
					"$(inherited)",
					"@executable_path/Frameworks",
					"@loader_path/Frameworks",
				);
				PRODUCT_BUNDLE_IDENTIFIER = com.icloud.kaitokudou2468110921.alconTests;
				PRODUCT_NAME = "$(TARGET_NAME)";
				SWIFT_VERSION = 5.0;
				TARGETED_DEVICE_FAMILY = "1,2";
				TEST_HOST = "$(BUILT_PRODUCTS_DIR)/alcon.app/alcon";
			};
			name = Debug;
		};
		441F386D260BA8C100BF0D79 /* Release */ = {
			isa = XCBuildConfiguration;
			baseConfigurationReference = 1D891A3105E289C2C55CAD06 /* Pods-alconTests.release.xcconfig */;
			buildSettings = {
				ALWAYS_EMBED_SWIFT_STANDARD_LIBRARIES = YES;
				BUNDLE_LOADER = "$(TEST_HOST)";
				CODE_SIGN_STYLE = Automatic;
				DEVELOPMENT_TEAM = DX3FKMWYLL;
				INFOPLIST_FILE = alconTests/Info.plist;
				IPHONEOS_DEPLOYMENT_TARGET = 14.4;
				LD_RUNPATH_SEARCH_PATHS = (
					"$(inherited)",
					"@executable_path/Frameworks",
					"@loader_path/Frameworks",
				);
				PRODUCT_BUNDLE_IDENTIFIER = com.icloud.kaitokudou2468110921.alconTests;
				PRODUCT_NAME = "$(TARGET_NAME)";
				SWIFT_VERSION = 5.0;
				TARGETED_DEVICE_FAMILY = "1,2";
				TEST_HOST = "$(BUILT_PRODUCTS_DIR)/alcon.app/alcon";
			};
			name = Release;
		};
		441F386F260BA8C100BF0D79 /* Debug */ = {
			isa = XCBuildConfiguration;
			baseConfigurationReference = 72C85C337AA95578C1DA76DF /* Pods-alcon-alconUITests.debug.xcconfig */;
			buildSettings = {
				ALWAYS_EMBED_SWIFT_STANDARD_LIBRARIES = YES;
				CODE_SIGN_STYLE = Automatic;
				DEVELOPMENT_TEAM = DX3FKMWYLL;
				INFOPLIST_FILE = alconUITests/Info.plist;
				LD_RUNPATH_SEARCH_PATHS = (
					"$(inherited)",
					"@executable_path/Frameworks",
					"@loader_path/Frameworks",
				);
				PRODUCT_BUNDLE_IDENTIFIER = com.icloud.kaitokudou2468110921.alconUITests;
				PRODUCT_NAME = "$(TARGET_NAME)";
				SWIFT_VERSION = 5.0;
				TARGETED_DEVICE_FAMILY = "1,2";
				TEST_TARGET_NAME = alcon;
			};
			name = Debug;
		};
		441F3870260BA8C100BF0D79 /* Release */ = {
			isa = XCBuildConfiguration;
			baseConfigurationReference = 3E4944EECEE8BC20CB487B43 /* Pods-alcon-alconUITests.release.xcconfig */;
			buildSettings = {
				ALWAYS_EMBED_SWIFT_STANDARD_LIBRARIES = YES;
				CODE_SIGN_STYLE = Automatic;
				DEVELOPMENT_TEAM = DX3FKMWYLL;
				INFOPLIST_FILE = alconUITests/Info.plist;
				LD_RUNPATH_SEARCH_PATHS = (
					"$(inherited)",
					"@executable_path/Frameworks",
					"@loader_path/Frameworks",
				);
				PRODUCT_BUNDLE_IDENTIFIER = com.icloud.kaitokudou2468110921.alconUITests;
				PRODUCT_NAME = "$(TARGET_NAME)";
				SWIFT_VERSION = 5.0;
				TARGETED_DEVICE_FAMILY = "1,2";
				TEST_TARGET_NAME = alcon;
			};
			name = Release;
		};
/* End XCBuildConfiguration section */

/* Begin XCConfigurationList section */
		441F3839260BA8BC00BF0D79 /* Build configuration list for PBXProject "alcon" */ = {
			isa = XCConfigurationList;
			buildConfigurations = (
				441F3866260BA8C100BF0D79 /* Debug */,
				441F3867260BA8C100BF0D79 /* Release */,
			);
			defaultConfigurationIsVisible = 0;
			defaultConfigurationName = Release;
		};
		441F3868260BA8C100BF0D79 /* Build configuration list for PBXNativeTarget "alcon" */ = {
			isa = XCConfigurationList;
			buildConfigurations = (
				441F3869260BA8C100BF0D79 /* Debug */,
				441F386A260BA8C100BF0D79 /* Release */,
			);
			defaultConfigurationIsVisible = 0;
			defaultConfigurationName = Release;
		};
		441F386B260BA8C100BF0D79 /* Build configuration list for PBXNativeTarget "alconTests" */ = {
			isa = XCConfigurationList;
			buildConfigurations = (
				441F386C260BA8C100BF0D79 /* Debug */,
				441F386D260BA8C100BF0D79 /* Release */,
			);
			defaultConfigurationIsVisible = 0;
			defaultConfigurationName = Release;
		};
		441F386E260BA8C100BF0D79 /* Build configuration list for PBXNativeTarget "alconUITests" */ = {
			isa = XCConfigurationList;
			buildConfigurations = (
				441F386F260BA8C100BF0D79 /* Debug */,
				441F3870260BA8C100BF0D79 /* Release */,
			);
			defaultConfigurationIsVisible = 0;
			defaultConfigurationName = Release;
		};
/* End XCConfigurationList section */

/* Begin XCRemoteSwiftPackageReference section */
		44A708A72619AB6F00B06A07 /* RemoteSwiftPackageReference */ = {
			isa = XCRemoteSwiftPackageReference;
			repositoryURL = "https://github.com/ReactiveX/RxSwift";
			requirement = {
				kind = upToNextMajorVersion;
				minimumVersion = 6.1.0;
			};
		};
		44B9B420260F7A6800DB3FE6 /* RemoteSwiftPackageReference */ = {
			isa = XCRemoteSwiftPackageReference;
			repositoryURL = "https://github.com/WenchaoD/FSCalendar";
			requirement = {
				kind = upToNextMajorVersion;
				minimumVersion = 2.8.2;
			};
		};
/* End XCRemoteSwiftPackageReference section */

/* Begin XCSwiftPackageProductDependency section */
		44A708A82619AB6F00B06A07 /* SwiftPackageProductDependency */ = {
			isa = XCSwiftPackageProductDependency;
			package = 44A708A72619AB6F00B06A07 /* RemoteSwiftPackageReference */;
			productName = RxSwift;
		};
		44A708AA2619AB6F00B06A07 /* SwiftPackageProductDependency */ = {
			isa = XCSwiftPackageProductDependency;
			package = 44A708A72619AB6F00B06A07 /* RemoteSwiftPackageReference */;
			productName = RxCocoa;
		};
		44A708AC2619AB6F00B06A07 /* SwiftPackageProductDependency */ = {
			isa = XCSwiftPackageProductDependency;
			package = 44A708A72619AB6F00B06A07 /* RemoteSwiftPackageReference */;
			productName = RxRelay;
		};
		44B9B421260F7A6800DB3FE6 /* SwiftPackageProductDependency */ = {
			isa = XCSwiftPackageProductDependency;
			package = 44B9B420260F7A6800DB3FE6 /* RemoteSwiftPackageReference */;
			productName = FSCalendar;
		};
/* End XCSwiftPackageProductDependency section */
	};
	rootObject = 441F3836260BA8BC00BF0D79 /* Project object */;
}
