{
  "object": {
    "pins": [
      {
        "package": "FSCalendar",
        "repositoryURL": "https://github.com/WenchaoD/FSCalendar",
        "state": {
          "branch": null,
          "revision": "4e79a201fad268408a4fd9e2ef429497def9594f",
          "version": "2.8.2"
        }
      },
      {
        "package": "PKHUD",
        "repositoryURL": "https://github.com/pkluz/PKHUD.git",
        "state": {
          "branch": null,
          "revision": "8fd26f23057c6bebd6695524b1c3e05e93aba571",
          "version": "5.4.0"
        }
      },
      {
        "package": "RxSwift",
        "repositoryURL": "https://github.com/ReactiveX/RxSwift",
        "state": {
          "branch": null,
          "revision": "7e01c05f25c025143073eaa3be3532f9375c614b",
          "version": "6.1.0"
        }
      }
    ]
  },
  "version": 1
}
